
Microsoft Visual Studio Solution File, Format Version 12.00
# Visual Studio Version 17
VisualStudioVersion = 17.8.34330.188
MinimumVisualStudioVersion = 10.0.40219.1
Project("{9A19103F-16F7-4668-BE54-9A1E7A4F7556}") = "GroundUp.api", "GroundUp.api\GroundUp.api.csproj", "{DD29FD42-B416-404F-86DC-12360A7890A9}"
EndProject
Project("{9A19103F-16F7-4668-BE54-9A1E7A4F7556}") = "GroundUp.api.Tests.Unit", "GroundUp.api.Tests.Unit\GroundUp.api.Tests.Unit.csproj", "{40EC20F6-708A-4898-B5A8-6AE0470283FD}"
EndProject
Project("{9A19103F-16F7-4668-BE54-9A1E7A4F7556}") = "GroundUp.api.Tests.Integration", "GroundUp.api.Tests.Integration\GroundUp.api.Tests.Integration.csproj", "{6878B6F3-D1D1-40BC-9A64-2533696E24CD}"
EndProject
Project("{FAE04EC0-301F-11D3-BF4B-00C04F79EFBC}") = "GroundUp.core", "GroundUp.core\GroundUp.core.csproj", "{0EB812DE-603C-461C-8BAE-226E9E5994B4}"
EndProject
Project("{FAE04EC0-301F-11D3-BF4B-00C04F79EFBC}") = "GroundUp.infrastructure", "GroundUp.infrastructure\GroundUp.infrastructure.csproj", "{0D25ED00-32B1-4D26-A297-8CF66586D1F5}"
EndProject
Global
	GlobalSection(SolutionConfigurationPlatforms) = preSolution
		Debug|Any CPU = Debug|Any CPU
		Release|Any CPU = Release|Any CPU
	EndGlobalSection
	GlobalSection(ProjectConfigurationPlatforms) = postSolution
		{DD29FD42-B416-404F-86DC-12360A7890A9}.Debug|Any CPU.ActiveCfg = Debug|Any CPU
		{DD29FD42-B416-404F-86DC-12360A7890A9}.Debug|Any CPU.Build.0 = Debug|Any CPU
		{DD29FD42-B416-404F-86DC-12360A7890A9}.Release|Any CPU.ActiveCfg = Release|Any CPU
		{DD29FD42-B416-404F-86DC-12360A7890A9}.Release|Any CPU.Build.0 = Release|Any CPU
		{40EC20F6-708A-4898-B5A8-6AE0470283FD}.Debug|Any CPU.ActiveCfg = Debug|Any CPU
		{40EC20F6-708A-4898-B5A8-6AE0470283FD}.Debug|Any CPU.Build.0 = Debug|Any CPU
		{40EC20F6-708A-4898-B5A8-6AE0470283FD}.Release|Any CPU.ActiveCfg = Release|Any CPU
		{40EC20F6-708A-4898-B5A8-6AE0470283FD}.Release|Any CPU.Build.0 = Release|Any CPU
		{6878B6F3-D1D1-40BC-9A64-2533696E24CD}.Debug|Any CPU.ActiveCfg = Debug|Any CPU
		{6878B6F3-D1D1-40BC-9A64-2533696E24CD}.Debug|Any CPU.Build.0 = Debug|Any CPU
		{6878B6F3-D1D1-40BC-9A64-2533696E24CD}.Release|Any CPU.ActiveCfg = Release|Any CPU
		{6878B6F3-D1D1-40BC-9A64-2533696E24CD}.Release|Any CPU.Build.0 = Release|Any CPU
		{0EB812DE-603C-461C-8BAE-226E9E5994B4}.Debug|Any CPU.ActiveCfg = Debug|Any CPU
		{0EB812DE-603C-461C-8BAE-226E9E5994B4}.Debug|Any CPU.Build.0 = Debug|Any CPU
		{0EB812DE-603C-461C-8BAE-226E9E5994B4}.Release|Any CPU.ActiveCfg = Release|Any CPU
		{0EB812DE-603C-461C-8BAE-226E9E5994B4}.Release|Any CPU.Build.0 = Release|Any CPU
		{0D25ED00-32B1-4D26-A297-8CF66586D1F5}.Debug|Any CPU.ActiveCfg = Debug|Any CPU
		{0D25ED00-32B1-4D26-A297-8CF66586D1F5}.Debug|Any CPU.Build.0 = Debug|Any CPU
		{0D25ED00-32B1-4D26-A297-8CF66586D1F5}.Release|Any CPU.ActiveCfg = Release|Any CPU
		{0D25ED00-32B1-4D26-A297-8CF66586D1F5}.Release|Any CPU.Build.0 = Release|Any CPU
	EndGlobalSection
	GlobalSection(SolutionProperties) = preSolution
		HideSolutionNode = FALSE
	EndGlobalSection
	GlobalSection(ExtensibilityGlobals) = postSolution
		SolutionGuid = {CB2DAC14-ACBE-432E-8D7D-07DDA7E3B051}
	EndGlobalSection
EndGlobal
